
Microsoft Visual Studio Solution File, Format Version 12.00
# Visual Studio 14
VisualStudioVersion = 14.0.24720.0
MinimumVisualStudioVersion = 10.0.40219.1
Project("{2150E333-8FDC-42A3-9474-1A3956D46DE8}") = "Creational Pattern", "Creational Pattern", "{43C50934-4A60-4938-9381-26CC16526BED}"
EndProject
Project("{2150E333-8FDC-42A3-9474-1A3956D46DE8}") = "Structural Pattern", "Structural Pattern", "{44F15062-4C85-46C8-BA29-23F7623AA888}"
EndProject
Project("{2150E333-8FDC-42A3-9474-1A3956D46DE8}") = "Behavioral Pattern", "Behavioral Pattern", "{2E3D821C-7372-4311-8211-3B21DF27BC49}"
EndProject
Project("{2150E333-8FDC-42A3-9474-1A3956D46DE8}") = "Solution Items", "Solution Items", "{91D02076-C129-4748-B176-6B9E36FC647A}"
	ProjectSection(SolutionItems) = preProject
		References.txt = References.txt
	EndProjectSection
EndProject
Project("{2150E333-8FDC-42A3-9474-1A3956D46DE8}") = "Simple Factory", "Simple Factory", "{73850B9A-EA5D-4E65-A45B-4757E18F3EB1}"
EndProject
Project("{2150E333-8FDC-42A3-9474-1A3956D46DE8}") = "Factory Method", "Factory Method", "{5C4A93E4-9FFE-4E4C-B589-FF5137C3741B}"
EndProject
Project("{FAE04EC0-301F-11D3-BF4B-00C04F79EFBC}") = "NameFactory", "Creational Pattern\SimpleFactory\NameFactory\NameFactory.csproj", "{B8AA1F14-8DB6-4A7B-A024-29B8B49E6CC8}"
EndProject
Project("{FAE04EC0-301F-11D3-BF4B-00C04F79EFBC}") = "Seeding", "Creational Pattern\Factory Method\Seeding\Seeding.csproj", "{9D0C52D9-4599-4EEB-A0F0-1CC8C25F865D}"
EndProject
Project("{2150E333-8FDC-42A3-9474-1A3956D46DE8}") = "Abstract Factory", "Abstract Factory", "{77BA6583-1BA0-42C8-8E3C-4F930708B614}"
EndProject
Project("{FAE04EC0-301F-11D3-BF4B-00C04F79EFBC}") = "Gardener", "Creational Pattern\AbstractFactory\Gardener\Gardener.csproj", "{A06F9680-095D-45BB-93FA-16F684DDEA67}"
EndProject
Project("{2150E333-8FDC-42A3-9474-1A3956D46DE8}") = "Singleton", "Singleton", "{7AFB2775-C713-4F7D-AB5F-42143B868418}"
EndProject
Project("{FAE04EC0-301F-11D3-BF4B-00C04F79EFBC}") = "GlobalSpooler", "Creational Pattern\Singleton\GlobalSpooler\GlobalSpooler.csproj", "{A114F4F3-DF9B-46C6-8857-8FC2DA0300D5}"
EndProject
Project("{FAE04EC0-301F-11D3-BF4B-00C04F79EFBC}") = "SingleSpooler", "Creational Pattern\Singleton\SingleSpooler\SingleSpooler.csproj", "{C7FA3292-3499-4D19-9494-C038A9C83D99}"
EndProject
Project("{2150E333-8FDC-42A3-9474-1A3956D46DE8}") = "Strategy", "Strategy", "{06A3C572-7381-485F-8AF5-F8722585CCDB}"
EndProject
Project("{FAE04EC0-301F-11D3-BF4B-00C04F79EFBC}") = "StrategyPattern", "StrategyPattern\StrategyPattern.csproj", "{5BB4A496-B759-4D7B-9D7F-E6A3C95F2FBA}"
EndProject
Project("{2150E333-8FDC-42A3-9474-1A3956D46DE8}") = "OtherPatterns", "OtherPatterns", "{996C7FCA-13FB-4453-9B23-FC41A8667390}"
EndProject
Project("{2150E333-8FDC-42A3-9474-1A3956D46DE8}") = "IDisposePattern", "IDisposePattern", "{C9F57C2C-5470-4F0D-A935-7DE1E97BF811}"
EndProject
Project("{FAE04EC0-301F-11D3-BF4B-00C04F79EFBC}") = "IDisposePattern", "IDisposePattern\IDisposePattern.csproj", "{83714E36-AF0B-4140-B967-1005244824A7}"
EndProject
Project("{2150E333-8FDC-42A3-9474-1A3956D46DE8}") = "Composite", "Composite", "{FCC9C464-4781-4220-9F39-4AE8E29BCDA9}"
EndProject
Project("{FAE04EC0-301F-11D3-BF4B-00C04F79EFBC}") = "Composite", "Composite\Composite.csproj", "{D25C5717-8628-403F-B538-7CC26F7A6CD3}"
EndProject
Project("{2150E333-8FDC-42A3-9474-1A3956D46DE8}") = "Facade", "Facade", "{2A3B191B-5BAE-4F53-86EE-B7A68B1D4895}"
EndProject
Project("{FAE04EC0-301F-11D3-BF4B-00C04F79EFBC}") = "Point", "Point\Point.csproj", "{2B843603-C194-4E61-BAAE-234ECE313919}"
EndProject
Project("{2150E333-8FDC-42A3-9474-1A3956D46DE8}") = "PrivateClassData", "PrivateClassData", "{8041A1A0-EF31-4F23-BEE8-1BFF606767DE}"
EndProject
Project("{FAE04EC0-301F-11D3-BF4B-00C04F79EFBC}") = "Circle", "Circle\Circle.csproj", "{050F5A89-20EA-469C-B830-F564C7ACFF37}"
EndProject
Project("{2150E333-8FDC-42A3-9474-1A3956D46DE8}") = "ChainOfResponsibility", "ChainOfResponsibility", "{3F24D77A-60D0-4ACB-B3AE-F358E514BB13}"
EndProject
Project("{FAE04EC0-301F-11D3-BF4B-00C04F79EFBC}") = "Handler", "Handler\Handler.csproj", "{636E23A8-BBD2-4847-B530-5598231BA911}"
EndProject
Project("{2150E333-8FDC-42A3-9474-1A3956D46DE8}") = "Command", "Command", "{E958F922-7B5F-4038-A462-E7084B5EEC59}"
EndProject
Project("{FAE04EC0-301F-11D3-BF4B-00C04F79EFBC}") = "Command", "Command\Command.csproj", "{D69406B1-7731-46D0-A059-9A31DB0122DC}"
EndProject
Project("{2150E333-8FDC-42A3-9474-1A3956D46DE8}") = "Observer", "Observer", "{8819C737-3A9C-413D-894D-E20B11FBB5B3}"
EndProject
Project("{FAE04EC0-301F-11D3-BF4B-00C04F79EFBC}") = "PrintNumberInDifferentFormat", "PrintNumberInDifferentFormat\PrintNumberInDifferentFormat.csproj", "{8CB26E5B-523D-4659-924B-58319E782FB5}"
EndProject
Project("{2150E333-8FDC-42A3-9474-1A3956D46DE8}") = "Mediator", "Mediator", "{3A4C3E7B-5A03-4FC0-8A5E-32326F8DB844}"
EndProject
Project("{FAE04EC0-301F-11D3-BF4B-00C04F79EFBC}") = "Mediator", "Mediator\Mediator.csproj", "{4AB0BD6B-4F0C-425E-B3D3-E6715A454C4A}"
EndProject
Project("{2150E333-8FDC-42A3-9474-1A3956D46DE8}") = "Memento", "Memento", "{524FC396-D092-4219-A70D-21A2249EF7E9}"
EndProject
Project("{FAE04EC0-301F-11D3-BF4B-00C04F79EFBC}") = "Memento", "Memento\Memento.csproj", "{D199A0E2-F104-4829-A009-1036444582F1}"
EndProject
Project("{2150E333-8FDC-42A3-9474-1A3956D46DE8}") = "State", "State", "{2BFB1A0D-9E84-4640-A1A3-8B2DFF5BA93E}"
EndProject
Project("{FAE04EC0-301F-11D3-BF4B-00C04F79EFBC}") = "CeilingFan", "CeilingFan\CeilingFan.csproj", "{6730DA0D-D0AF-4EE1-82C3-39C5DCE506AD}"
EndProject
Project("{2150E333-8FDC-42A3-9474-1A3956D46DE8}") = "Template", "Template", "{6B50C555-70FE-4B29-866F-055C2C37C94B}"
EndProject
Project("{FAE04EC0-301F-11D3-BF4B-00C04F79EFBC}") = "Template", "Template\Template.csproj", "{B469B956-361F-4B95-9786-7E3E4C079D6A}"
EndProject
Global
	GlobalSection(SolutionConfigurationPlatforms) = preSolution
		Debug|Any CPU = Debug|Any CPU
		Debug|ARM = Debug|ARM
		Debug|x64 = Debug|x64
		Debug|x86 = Debug|x86
		Release|Any CPU = Release|Any CPU
		Release|ARM = Release|ARM
		Release|x64 = Release|x64
		Release|x86 = Release|x86
	EndGlobalSection
	GlobalSection(ProjectConfigurationPlatforms) = postSolution
		{B8AA1F14-8DB6-4A7B-A024-29B8B49E6CC8}.Debug|Any CPU.ActiveCfg = Debug|Any CPU
		{B8AA1F14-8DB6-4A7B-A024-29B8B49E6CC8}.Debug|Any CPU.Build.0 = Debug|Any CPU
		{B8AA1F14-8DB6-4A7B-A024-29B8B49E6CC8}.Debug|ARM.ActiveCfg = Debug|Any CPU
		{B8AA1F14-8DB6-4A7B-A024-29B8B49E6CC8}.Debug|x64.ActiveCfg = Debug|Any CPU
		{B8AA1F14-8DB6-4A7B-A024-29B8B49E6CC8}.Debug|x86.ActiveCfg = Debug|Any CPU
		{B8AA1F14-8DB6-4A7B-A024-29B8B49E6CC8}.Release|Any CPU.ActiveCfg = Release|Any CPU
		{B8AA1F14-8DB6-4A7B-A024-29B8B49E6CC8}.Release|Any CPU.Build.0 = Release|Any CPU
		{B8AA1F14-8DB6-4A7B-A024-29B8B49E6CC8}.Release|ARM.ActiveCfg = Release|Any CPU
		{B8AA1F14-8DB6-4A7B-A024-29B8B49E6CC8}.Release|x64.ActiveCfg = Release|Any CPU
		{B8AA1F14-8DB6-4A7B-A024-29B8B49E6CC8}.Release|x86.ActiveCfg = Release|Any CPU
		{9D0C52D9-4599-4EEB-A0F0-1CC8C25F865D}.Debug|Any CPU.ActiveCfg = Debug|Any CPU
		{9D0C52D9-4599-4EEB-A0F0-1CC8C25F865D}.Debug|Any CPU.Build.0 = Debug|Any CPU
		{9D0C52D9-4599-4EEB-A0F0-1CC8C25F865D}.Debug|ARM.ActiveCfg = Debug|Any CPU
		{9D0C52D9-4599-4EEB-A0F0-1CC8C25F865D}.Debug|x64.ActiveCfg = Debug|Any CPU
		{9D0C52D9-4599-4EEB-A0F0-1CC8C25F865D}.Debug|x86.ActiveCfg = Debug|Any CPU
		{9D0C52D9-4599-4EEB-A0F0-1CC8C25F865D}.Release|Any CPU.ActiveCfg = Release|Any CPU
		{9D0C52D9-4599-4EEB-A0F0-1CC8C25F865D}.Release|Any CPU.Build.0 = Release|Any CPU
		{9D0C52D9-4599-4EEB-A0F0-1CC8C25F865D}.Release|ARM.ActiveCfg = Release|Any CPU
		{9D0C52D9-4599-4EEB-A0F0-1CC8C25F865D}.Release|x64.ActiveCfg = Release|Any CPU
		{9D0C52D9-4599-4EEB-A0F0-1CC8C25F865D}.Release|x86.ActiveCfg = Release|Any CPU
		{A06F9680-095D-45BB-93FA-16F684DDEA67}.Debug|Any CPU.ActiveCfg = Debug|Any CPU
		{A06F9680-095D-45BB-93FA-16F684DDEA67}.Debug|Any CPU.Build.0 = Debug|Any CPU
		{A06F9680-095D-45BB-93FA-16F684DDEA67}.Debug|ARM.ActiveCfg = Debug|Any CPU
		{A06F9680-095D-45BB-93FA-16F684DDEA67}.Debug|x64.ActiveCfg = Debug|Any CPU
		{A06F9680-095D-45BB-93FA-16F684DDEA67}.Debug|x86.ActiveCfg = Debug|Any CPU
		{A06F9680-095D-45BB-93FA-16F684DDEA67}.Release|Any CPU.ActiveCfg = Release|Any CPU
		{A06F9680-095D-45BB-93FA-16F684DDEA67}.Release|Any CPU.Build.0 = Release|Any CPU
		{A06F9680-095D-45BB-93FA-16F684DDEA67}.Release|ARM.ActiveCfg = Release|Any CPU
		{A06F9680-095D-45BB-93FA-16F684DDEA67}.Release|x64.ActiveCfg = Release|Any CPU
		{A06F9680-095D-45BB-93FA-16F684DDEA67}.Release|x86.ActiveCfg = Release|Any CPU
		{A114F4F3-DF9B-46C6-8857-8FC2DA0300D5}.Debug|Any CPU.ActiveCfg = Debug|Any CPU
		{A114F4F3-DF9B-46C6-8857-8FC2DA0300D5}.Debug|Any CPU.Build.0 = Debug|Any CPU
		{A114F4F3-DF9B-46C6-8857-8FC2DA0300D5}.Debug|ARM.ActiveCfg = Debug|Any CPU
		{A114F4F3-DF9B-46C6-8857-8FC2DA0300D5}.Debug|x64.ActiveCfg = Debug|Any CPU
		{A114F4F3-DF9B-46C6-8857-8FC2DA0300D5}.Debug|x86.ActiveCfg = Debug|Any CPU
		{A114F4F3-DF9B-46C6-8857-8FC2DA0300D5}.Release|Any CPU.ActiveCfg = Release|Any CPU
		{A114F4F3-DF9B-46C6-8857-8FC2DA0300D5}.Release|Any CPU.Build.0 = Release|Any CPU
		{A114F4F3-DF9B-46C6-8857-8FC2DA0300D5}.Release|ARM.ActiveCfg = Release|Any CPU
		{A114F4F3-DF9B-46C6-8857-8FC2DA0300D5}.Release|x64.ActiveCfg = Release|Any CPU
		{A114F4F3-DF9B-46C6-8857-8FC2DA0300D5}.Release|x86.ActiveCfg = Release|Any CPU
		{C7FA3292-3499-4D19-9494-C038A9C83D99}.Debug|Any CPU.ActiveCfg = Debug|Any CPU
		{C7FA3292-3499-4D19-9494-C038A9C83D99}.Debug|Any CPU.Build.0 = Debug|Any CPU
		{C7FA3292-3499-4D19-9494-C038A9C83D99}.Debug|ARM.ActiveCfg = Debug|Any CPU
		{C7FA3292-3499-4D19-9494-C038A9C83D99}.Debug|x64.ActiveCfg = Debug|Any CPU
		{C7FA3292-3499-4D19-9494-C038A9C83D99}.Debug|x86.ActiveCfg = Debug|Any CPU
		{C7FA3292-3499-4D19-9494-C038A9C83D99}.Release|Any CPU.ActiveCfg = Release|Any CPU
		{C7FA3292-3499-4D19-9494-C038A9C83D99}.Release|Any CPU.Build.0 = Release|Any CPU
		{C7FA3292-3499-4D19-9494-C038A9C83D99}.Release|ARM.ActiveCfg = Release|Any CPU
		{C7FA3292-3499-4D19-9494-C038A9C83D99}.Release|x64.ActiveCfg = Release|Any CPU
		{C7FA3292-3499-4D19-9494-C038A9C83D99}.Release|x86.ActiveCfg = Release|Any CPU
		{5BB4A496-B759-4D7B-9D7F-E6A3C95F2FBA}.Debug|Any CPU.ActiveCfg = Debug|Any CPU
		{5BB4A496-B759-4D7B-9D7F-E6A3C95F2FBA}.Debug|Any CPU.Build.0 = Debug|Any CPU
		{5BB4A496-B759-4D7B-9D7F-E6A3C95F2FBA}.Debug|ARM.ActiveCfg = Debug|Any CPU
		{5BB4A496-B759-4D7B-9D7F-E6A3C95F2FBA}.Debug|ARM.Build.0 = Debug|Any CPU
		{5BB4A496-B759-4D7B-9D7F-E6A3C95F2FBA}.Debug|x64.ActiveCfg = Debug|Any CPU
		{5BB4A496-B759-4D7B-9D7F-E6A3C95F2FBA}.Debug|x64.Build.0 = Debug|Any CPU
		{5BB4A496-B759-4D7B-9D7F-E6A3C95F2FBA}.Debug|x86.ActiveCfg = Debug|Any CPU
		{5BB4A496-B759-4D7B-9D7F-E6A3C95F2FBA}.Debug|x86.Build.0 = Debug|Any CPU
		{5BB4A496-B759-4D7B-9D7F-E6A3C95F2FBA}.Release|Any CPU.ActiveCfg = Release|Any CPU
		{5BB4A496-B759-4D7B-9D7F-E6A3C95F2FBA}.Release|Any CPU.Build.0 = Release|Any CPU
		{5BB4A496-B759-4D7B-9D7F-E6A3C95F2FBA}.Release|ARM.ActiveCfg = Release|Any CPU
		{5BB4A496-B759-4D7B-9D7F-E6A3C95F2FBA}.Release|ARM.Build.0 = Release|Any CPU
		{5BB4A496-B759-4D7B-9D7F-E6A3C95F2FBA}.Release|x64.ActiveCfg = Release|Any CPU
		{5BB4A496-B759-4D7B-9D7F-E6A3C95F2FBA}.Release|x64.Build.0 = Release|Any CPU
		{5BB4A496-B759-4D7B-9D7F-E6A3C95F2FBA}.Release|x86.ActiveCfg = Release|Any CPU
		{5BB4A496-B759-4D7B-9D7F-E6A3C95F2FBA}.Release|x86.Build.0 = Release|Any CPU
		{83714E36-AF0B-4140-B967-1005244824A7}.Debug|Any CPU.ActiveCfg = Debug|Any CPU
		{83714E36-AF0B-4140-B967-1005244824A7}.Debug|Any CPU.Build.0 = Debug|Any CPU
		{83714E36-AF0B-4140-B967-1005244824A7}.Debug|ARM.ActiveCfg = Debug|Any CPU
		{83714E36-AF0B-4140-B967-1005244824A7}.Debug|ARM.Build.0 = Debug|Any CPU
		{83714E36-AF0B-4140-B967-1005244824A7}.Debug|x64.ActiveCfg = Debug|Any CPU
		{83714E36-AF0B-4140-B967-1005244824A7}.Debug|x64.Build.0 = Debug|Any CPU
		{83714E36-AF0B-4140-B967-1005244824A7}.Debug|x86.ActiveCfg = Debug|Any CPU
		{83714E36-AF0B-4140-B967-1005244824A7}.Debug|x86.Build.0 = Debug|Any CPU
		{83714E36-AF0B-4140-B967-1005244824A7}.Release|Any CPU.ActiveCfg = Release|Any CPU
		{83714E36-AF0B-4140-B967-1005244824A7}.Release|Any CPU.Build.0 = Release|Any CPU
		{83714E36-AF0B-4140-B967-1005244824A7}.Release|ARM.ActiveCfg = Release|Any CPU
		{83714E36-AF0B-4140-B967-1005244824A7}.Release|ARM.Build.0 = Release|Any CPU
		{83714E36-AF0B-4140-B967-1005244824A7}.Release|x64.ActiveCfg = Release|Any CPU
		{83714E36-AF0B-4140-B967-1005244824A7}.Release|x64.Build.0 = Release|Any CPU
		{83714E36-AF0B-4140-B967-1005244824A7}.Release|x86.ActiveCfg = Release|Any CPU
		{83714E36-AF0B-4140-B967-1005244824A7}.Release|x86.Build.0 = Release|Any CPU
		{D25C5717-8628-403F-B538-7CC26F7A6CD3}.Debug|Any CPU.ActiveCfg = Debug|Any CPU
		{D25C5717-8628-403F-B538-7CC26F7A6CD3}.Debug|Any CPU.Build.0 = Debug|Any CPU
		{D25C5717-8628-403F-B538-7CC26F7A6CD3}.Debug|ARM.ActiveCfg = Debug|Any CPU
		{D25C5717-8628-403F-B538-7CC26F7A6CD3}.Debug|ARM.Build.0 = Debug|Any CPU
		{D25C5717-8628-403F-B538-7CC26F7A6CD3}.Debug|x64.ActiveCfg = Debug|Any CPU
		{D25C5717-8628-403F-B538-7CC26F7A6CD3}.Debug|x64.Build.0 = Debug|Any CPU
		{D25C5717-8628-403F-B538-7CC26F7A6CD3}.Debug|x86.ActiveCfg = Debug|Any CPU
		{D25C5717-8628-403F-B538-7CC26F7A6CD3}.Debug|x86.Build.0 = Debug|Any CPU
		{D25C5717-8628-403F-B538-7CC26F7A6CD3}.Release|Any CPU.ActiveCfg = Release|Any CPU
		{D25C5717-8628-403F-B538-7CC26F7A6CD3}.Release|Any CPU.Build.0 = Release|Any CPU
		{D25C5717-8628-403F-B538-7CC26F7A6CD3}.Release|ARM.ActiveCfg = Release|Any CPU
		{D25C5717-8628-403F-B538-7CC26F7A6CD3}.Release|ARM.Build.0 = Release|Any CPU
		{D25C5717-8628-403F-B538-7CC26F7A6CD3}.Release|x64.ActiveCfg = Release|Any CPU
		{D25C5717-8628-403F-B538-7CC26F7A6CD3}.Release|x64.Build.0 = Release|Any CPU
		{D25C5717-8628-403F-B538-7CC26F7A6CD3}.Release|x86.ActiveCfg = Release|Any CPU
		{D25C5717-8628-403F-B538-7CC26F7A6CD3}.Release|x86.Build.0 = Release|Any CPU
		{2B843603-C194-4E61-BAAE-234ECE313919}.Debug|Any CPU.ActiveCfg = Debug|Any CPU
		{2B843603-C194-4E61-BAAE-234ECE313919}.Debug|Any CPU.Build.0 = Debug|Any CPU
		{2B843603-C194-4E61-BAAE-234ECE313919}.Debug|ARM.ActiveCfg = Debug|Any CPU
		{2B843603-C194-4E61-BAAE-234ECE313919}.Debug|ARM.Build.0 = Debug|Any CPU
		{2B843603-C194-4E61-BAAE-234ECE313919}.Debug|x64.ActiveCfg = Debug|Any CPU
		{2B843603-C194-4E61-BAAE-234ECE313919}.Debug|x64.Build.0 = Debug|Any CPU
		{2B843603-C194-4E61-BAAE-234ECE313919}.Debug|x86.ActiveCfg = Debug|Any CPU
		{2B843603-C194-4E61-BAAE-234ECE313919}.Debug|x86.Build.0 = Debug|Any CPU
		{2B843603-C194-4E61-BAAE-234ECE313919}.Release|Any CPU.ActiveCfg = Release|Any CPU
		{2B843603-C194-4E61-BAAE-234ECE313919}.Release|Any CPU.Build.0 = Release|Any CPU
		{2B843603-C194-4E61-BAAE-234ECE313919}.Release|ARM.ActiveCfg = Release|Any CPU
		{2B843603-C194-4E61-BAAE-234ECE313919}.Release|ARM.Build.0 = Release|Any CPU
		{2B843603-C194-4E61-BAAE-234ECE313919}.Release|x64.ActiveCfg = Release|Any CPU
		{2B843603-C194-4E61-BAAE-234ECE313919}.Release|x64.Build.0 = Release|Any CPU
		{2B843603-C194-4E61-BAAE-234ECE313919}.Release|x86.ActiveCfg = Release|Any CPU
		{2B843603-C194-4E61-BAAE-234ECE313919}.Release|x86.Build.0 = Release|Any CPU
		{050F5A89-20EA-469C-B830-F564C7ACFF37}.Debug|Any CPU.ActiveCfg = Debug|Any CPU
		{050F5A89-20EA-469C-B830-F564C7ACFF37}.Debug|Any CPU.Build.0 = Debug|Any CPU
		{050F5A89-20EA-469C-B830-F564C7ACFF37}.Debug|ARM.ActiveCfg = Debug|Any CPU
		{050F5A89-20EA-469C-B830-F564C7ACFF37}.Debug|ARM.Build.0 = Debug|Any CPU
		{050F5A89-20EA-469C-B830-F564C7ACFF37}.Debug|x64.ActiveCfg = Debug|Any CPU
		{050F5A89-20EA-469C-B830-F564C7ACFF37}.Debug|x64.Build.0 = Debug|Any CPU
		{050F5A89-20EA-469C-B830-F564C7ACFF37}.Debug|x86.ActiveCfg = Debug|Any CPU
		{050F5A89-20EA-469C-B830-F564C7ACFF37}.Debug|x86.Build.0 = Debug|Any CPU
		{050F5A89-20EA-469C-B830-F564C7ACFF37}.Release|Any CPU.ActiveCfg = Release|Any CPU
		{050F5A89-20EA-469C-B830-F564C7ACFF37}.Release|Any CPU.Build.0 = Release|Any CPU
		{050F5A89-20EA-469C-B830-F564C7ACFF37}.Release|ARM.ActiveCfg = Release|Any CPU
		{050F5A89-20EA-469C-B830-F564C7ACFF37}.Release|ARM.Build.0 = Release|Any CPU
		{050F5A89-20EA-469C-B830-F564C7ACFF37}.Release|x64.ActiveCfg = Release|Any CPU
		{050F5A89-20EA-469C-B830-F564C7ACFF37}.Release|x64.Build.0 = Release|Any CPU
		{050F5A89-20EA-469C-B830-F564C7ACFF37}.Release|x86.ActiveCfg = Release|Any CPU
		{050F5A89-20EA-469C-B830-F564C7ACFF37}.Release|x86.Build.0 = Release|Any CPU
		{636E23A8-BBD2-4847-B530-5598231BA911}.Debug|Any CPU.ActiveCfg = Debug|Any CPU
		{636E23A8-BBD2-4847-B530-5598231BA911}.Debug|Any CPU.Build.0 = Debug|Any CPU
		{636E23A8-BBD2-4847-B530-5598231BA911}.Debug|ARM.ActiveCfg = Debug|Any CPU
		{636E23A8-BBD2-4847-B530-5598231BA911}.Debug|ARM.Build.0 = Debug|Any CPU
		{636E23A8-BBD2-4847-B530-5598231BA911}.Debug|x64.ActiveCfg = Debug|Any CPU
		{636E23A8-BBD2-4847-B530-5598231BA911}.Debug|x64.Build.0 = Debug|Any CPU
		{636E23A8-BBD2-4847-B530-5598231BA911}.Debug|x86.ActiveCfg = Debug|Any CPU
		{636E23A8-BBD2-4847-B530-5598231BA911}.Debug|x86.Build.0 = Debug|Any CPU
		{636E23A8-BBD2-4847-B530-5598231BA911}.Release|Any CPU.ActiveCfg = Release|Any CPU
		{636E23A8-BBD2-4847-B530-5598231BA911}.Release|Any CPU.Build.0 = Release|Any CPU
		{636E23A8-BBD2-4847-B530-5598231BA911}.Release|ARM.ActiveCfg = Release|Any CPU
		{636E23A8-BBD2-4847-B530-5598231BA911}.Release|ARM.Build.0 = Release|Any CPU
		{636E23A8-BBD2-4847-B530-5598231BA911}.Release|x64.ActiveCfg = Release|Any CPU
		{636E23A8-BBD2-4847-B530-5598231BA911}.Release|x64.Build.0 = Release|Any CPU
		{636E23A8-BBD2-4847-B530-5598231BA911}.Release|x86.ActiveCfg = Release|Any CPU
		{636E23A8-BBD2-4847-B530-5598231BA911}.Release|x86.Build.0 = Release|Any CPU
		{D69406B1-7731-46D0-A059-9A31DB0122DC}.Debug|Any CPU.ActiveCfg = Debug|Any CPU
		{D69406B1-7731-46D0-A059-9A31DB0122DC}.Debug|Any CPU.Build.0 = Debug|Any CPU
		{D69406B1-7731-46D0-A059-9A31DB0122DC}.Debug|ARM.ActiveCfg = Debug|Any CPU
		{D69406B1-7731-46D0-A059-9A31DB0122DC}.Debug|ARM.Build.0 = Debug|Any CPU
		{D69406B1-7731-46D0-A059-9A31DB0122DC}.Debug|x64.ActiveCfg = Debug|Any CPU
		{D69406B1-7731-46D0-A059-9A31DB0122DC}.Debug|x64.Build.0 = Debug|Any CPU
		{D69406B1-7731-46D0-A059-9A31DB0122DC}.Debug|x86.ActiveCfg = Debug|Any CPU
		{D69406B1-7731-46D0-A059-9A31DB0122DC}.Debug|x86.Build.0 = Debug|Any CPU
		{D69406B1-7731-46D0-A059-9A31DB0122DC}.Release|Any CPU.ActiveCfg = Release|Any CPU
		{D69406B1-7731-46D0-A059-9A31DB0122DC}.Release|Any CPU.Build.0 = Release|Any CPU
		{D69406B1-7731-46D0-A059-9A31DB0122DC}.Release|ARM.ActiveCfg = Release|Any CPU
		{D69406B1-7731-46D0-A059-9A31DB0122DC}.Release|ARM.Build.0 = Release|Any CPU
		{D69406B1-7731-46D0-A059-9A31DB0122DC}.Release|x64.ActiveCfg = Release|Any CPU
		{D69406B1-7731-46D0-A059-9A31DB0122DC}.Release|x64.Build.0 = Release|Any CPU
		{D69406B1-7731-46D0-A059-9A31DB0122DC}.Release|x86.ActiveCfg = Release|Any CPU
		{D69406B1-7731-46D0-A059-9A31DB0122DC}.Release|x86.Build.0 = Release|Any CPU
		{8CB26E5B-523D-4659-924B-58319E782FB5}.Debug|Any CPU.ActiveCfg = Debug|Any CPU
		{8CB26E5B-523D-4659-924B-58319E782FB5}.Debug|Any CPU.Build.0 = Debug|Any CPU
		{8CB26E5B-523D-4659-924B-58319E782FB5}.Debug|ARM.ActiveCfg = Debug|Any CPU
		{8CB26E5B-523D-4659-924B-58319E782FB5}.Debug|ARM.Build.0 = Debug|Any CPU
		{8CB26E5B-523D-4659-924B-58319E782FB5}.Debug|x64.ActiveCfg = Debug|Any CPU
		{8CB26E5B-523D-4659-924B-58319E782FB5}.Debug|x64.Build.0 = Debug|Any CPU
		{8CB26E5B-523D-4659-924B-58319E782FB5}.Debug|x86.ActiveCfg = Debug|Any CPU
		{8CB26E5B-523D-4659-924B-58319E782FB5}.Debug|x86.Build.0 = Debug|Any CPU
		{8CB26E5B-523D-4659-924B-58319E782FB5}.Release|Any CPU.ActiveCfg = Release|Any CPU
		{8CB26E5B-523D-4659-924B-58319E782FB5}.Release|Any CPU.Build.0 = Release|Any CPU
		{8CB26E5B-523D-4659-924B-58319E782FB5}.Release|ARM.ActiveCfg = Release|Any CPU
		{8CB26E5B-523D-4659-924B-58319E782FB5}.Release|ARM.Build.0 = Release|Any CPU
		{8CB26E5B-523D-4659-924B-58319E782FB5}.Release|x64.ActiveCfg = Release|Any CPU
		{8CB26E5B-523D-4659-924B-58319E782FB5}.Release|x64.Build.0 = Release|Any CPU
		{8CB26E5B-523D-4659-924B-58319E782FB5}.Release|x86.ActiveCfg = Release|Any CPU
		{8CB26E5B-523D-4659-924B-58319E782FB5}.Release|x86.Build.0 = Release|Any CPU
		{4AB0BD6B-4F0C-425E-B3D3-E6715A454C4A}.Debug|Any CPU.ActiveCfg = Debug|Any CPU
		{4AB0BD6B-4F0C-425E-B3D3-E6715A454C4A}.Debug|Any CPU.Build.0 = Debug|Any CPU
		{4AB0BD6B-4F0C-425E-B3D3-E6715A454C4A}.Debug|ARM.ActiveCfg = Debug|Any CPU
		{4AB0BD6B-4F0C-425E-B3D3-E6715A454C4A}.Debug|ARM.Build.0 = Debug|Any CPU
		{4AB0BD6B-4F0C-425E-B3D3-E6715A454C4A}.Debug|x64.ActiveCfg = Debug|Any CPU
		{4AB0BD6B-4F0C-425E-B3D3-E6715A454C4A}.Debug|x64.Build.0 = Debug|Any CPU
		{4AB0BD6B-4F0C-425E-B3D3-E6715A454C4A}.Debug|x86.ActiveCfg = Debug|Any CPU
		{4AB0BD6B-4F0C-425E-B3D3-E6715A454C4A}.Debug|x86.Build.0 = Debug|Any CPU
		{4AB0BD6B-4F0C-425E-B3D3-E6715A454C4A}.Release|Any CPU.ActiveCfg = Release|Any CPU
		{4AB0BD6B-4F0C-425E-B3D3-E6715A454C4A}.Release|Any CPU.Build.0 = Release|Any CPU
		{4AB0BD6B-4F0C-425E-B3D3-E6715A454C4A}.Release|ARM.ActiveCfg = Release|Any CPU
		{4AB0BD6B-4F0C-425E-B3D3-E6715A454C4A}.Release|ARM.Build.0 = Release|Any CPU
		{4AB0BD6B-4F0C-425E-B3D3-E6715A454C4A}.Release|x64.ActiveCfg = Release|Any CPU
		{4AB0BD6B-4F0C-425E-B3D3-E6715A454C4A}.Release|x64.Build.0 = Release|Any CPU
		{4AB0BD6B-4F0C-425E-B3D3-E6715A454C4A}.Release|x86.ActiveCfg = Release|Any CPU
		{4AB0BD6B-4F0C-425E-B3D3-E6715A454C4A}.Release|x86.Build.0 = Release|Any CPU
		{D199A0E2-F104-4829-A009-1036444582F1}.Debug|Any CPU.ActiveCfg = Debug|Any CPU
		{D199A0E2-F104-4829-A009-1036444582F1}.Debug|Any CPU.Build.0 = Debug|Any CPU
		{D199A0E2-F104-4829-A009-1036444582F1}.Debug|ARM.ActiveCfg = Debug|Any CPU
		{D199A0E2-F104-4829-A009-1036444582F1}.Debug|ARM.Build.0 = Debug|Any CPU
		{D199A0E2-F104-4829-A009-1036444582F1}.Debug|x64.ActiveCfg = Debug|Any CPU
		{D199A0E2-F104-4829-A009-1036444582F1}.Debug|x64.Build.0 = Debug|Any CPU
		{D199A0E2-F104-4829-A009-1036444582F1}.Debug|x86.ActiveCfg = Debug|Any CPU
		{D199A0E2-F104-4829-A009-1036444582F1}.Debug|x86.Build.0 = Debug|Any CPU
		{D199A0E2-F104-4829-A009-1036444582F1}.Release|Any CPU.ActiveCfg = Release|Any CPU
		{D199A0E2-F104-4829-A009-1036444582F1}.Release|Any CPU.Build.0 = Release|Any CPU
		{D199A0E2-F104-4829-A009-1036444582F1}.Release|ARM.ActiveCfg = Release|Any CPU
		{D199A0E2-F104-4829-A009-1036444582F1}.Release|ARM.Build.0 = Release|Any CPU
		{D199A0E2-F104-4829-A009-1036444582F1}.Release|x64.ActiveCfg = Release|Any CPU
		{D199A0E2-F104-4829-A009-1036444582F1}.Release|x64.Build.0 = Release|Any CPU
		{D199A0E2-F104-4829-A009-1036444582F1}.Release|x86.ActiveCfg = Release|Any CPU
		{D199A0E2-F104-4829-A009-1036444582F1}.Release|x86.Build.0 = Release|Any CPU
		{6730DA0D-D0AF-4EE1-82C3-39C5DCE506AD}.Debug|Any CPU.ActiveCfg = Debug|Any CPU
		{6730DA0D-D0AF-4EE1-82C3-39C5DCE506AD}.Debug|Any CPU.Build.0 = Debug|Any CPU
		{6730DA0D-D0AF-4EE1-82C3-39C5DCE506AD}.Debug|ARM.ActiveCfg = Debug|Any CPU
		{6730DA0D-D0AF-4EE1-82C3-39C5DCE506AD}.Debug|ARM.Build.0 = Debug|Any CPU
		{6730DA0D-D0AF-4EE1-82C3-39C5DCE506AD}.Debug|x64.ActiveCfg = Debug|Any CPU
		{6730DA0D-D0AF-4EE1-82C3-39C5DCE506AD}.Debug|x64.Build.0 = Debug|Any CPU
		{6730DA0D-D0AF-4EE1-82C3-39C5DCE506AD}.Debug|x86.ActiveCfg = Debug|Any CPU
		{6730DA0D-D0AF-4EE1-82C3-39C5DCE506AD}.Debug|x86.Build.0 = Debug|Any CPU
		{6730DA0D-D0AF-4EE1-82C3-39C5DCE506AD}.Release|Any CPU.ActiveCfg = Release|Any CPU
		{6730DA0D-D0AF-4EE1-82C3-39C5DCE506AD}.Release|Any CPU.Build.0 = Release|Any CPU
		{6730DA0D-D0AF-4EE1-82C3-39C5DCE506AD}.Release|ARM.ActiveCfg = Release|Any CPU
		{6730DA0D-D0AF-4EE1-82C3-39C5DCE506AD}.Release|ARM.Build.0 = Release|Any CPU
		{6730DA0D-D0AF-4EE1-82C3-39C5DCE506AD}.Release|x64.ActiveCfg = Release|Any CPU
		{6730DA0D-D0AF-4EE1-82C3-39C5DCE506AD}.Release|x64.Build.0 = Release|Any CPU
		{6730DA0D-D0AF-4EE1-82C3-39C5DCE506AD}.Release|x86.ActiveCfg = Release|Any CPU
		{6730DA0D-D0AF-4EE1-82C3-39C5DCE506AD}.Release|x86.Build.0 = Release|Any CPU
		{B469B956-361F-4B95-9786-7E3E4C079D6A}.Debug|Any CPU.ActiveCfg = Debug|Any CPU
		{B469B956-361F-4B95-9786-7E3E4C079D6A}.Debug|Any CPU.Build.0 = Debug|Any CPU
		{B469B956-361F-4B95-9786-7E3E4C079D6A}.Debug|ARM.ActiveCfg = Debug|Any CPU
		{B469B956-361F-4B95-9786-7E3E4C079D6A}.Debug|ARM.Build.0 = Debug|Any CPU
		{B469B956-361F-4B95-9786-7E3E4C079D6A}.Debug|x64.ActiveCfg = Debug|Any CPU
		{B469B956-361F-4B95-9786-7E3E4C079D6A}.Debug|x64.Build.0 = Debug|Any CPU
		{B469B956-361F-4B95-9786-7E3E4C079D6A}.Debug|x86.ActiveCfg = Debug|Any CPU
		{B469B956-361F-4B95-9786-7E3E4C079D6A}.Debug|x86.Build.0 = Debug|Any CPU
		{B469B956-361F-4B95-9786-7E3E4C079D6A}.Release|Any CPU.ActiveCfg = Release|Any CPU
		{B469B956-361F-4B95-9786-7E3E4C079D6A}.Release|Any CPU.Build.0 = Release|Any CPU
		{B469B956-361F-4B95-9786-7E3E4C079D6A}.Release|ARM.ActiveCfg = Release|Any CPU
		{B469B956-361F-4B95-9786-7E3E4C079D6A}.Release|ARM.Build.0 = Release|Any CPU
		{B469B956-361F-4B95-9786-7E3E4C079D6A}.Release|x64.ActiveCfg = Release|Any CPU
		{B469B956-361F-4B95-9786-7E3E4C079D6A}.Release|x64.Build.0 = Release|Any CPU
		{B469B956-361F-4B95-9786-7E3E4C079D6A}.Release|x86.ActiveCfg = Release|Any CPU
		{B469B956-361F-4B95-9786-7E3E4C079D6A}.Release|x86.Build.0 = Release|Any CPU
	EndGlobalSection
	GlobalSection(SolutionProperties) = preSolution
		HideSolutionNode = FALSE
	EndGlobalSection
	GlobalSection(NestedProjects) = preSolution
		{73850B9A-EA5D-4E65-A45B-4757E18F3EB1} = {43C50934-4A60-4938-9381-26CC16526BED}
		{5C4A93E4-9FFE-4E4C-B589-FF5137C3741B} = {43C50934-4A60-4938-9381-26CC16526BED}
		{B8AA1F14-8DB6-4A7B-A024-29B8B49E6CC8} = {73850B9A-EA5D-4E65-A45B-4757E18F3EB1}
		{9D0C52D9-4599-4EEB-A0F0-1CC8C25F865D} = {5C4A93E4-9FFE-4E4C-B589-FF5137C3741B}
		{77BA6583-1BA0-42C8-8E3C-4F930708B614} = {43C50934-4A60-4938-9381-26CC16526BED}
		{A06F9680-095D-45BB-93FA-16F684DDEA67} = {77BA6583-1BA0-42C8-8E3C-4F930708B614}
		{7AFB2775-C713-4F7D-AB5F-42143B868418} = {43C50934-4A60-4938-9381-26CC16526BED}
		{A114F4F3-DF9B-46C6-8857-8FC2DA0300D5} = {7AFB2775-C713-4F7D-AB5F-42143B868418}
		{C7FA3292-3499-4D19-9494-C038A9C83D99} = {7AFB2775-C713-4F7D-AB5F-42143B868418}
		{06A3C572-7381-485F-8AF5-F8722585CCDB} = {2E3D821C-7372-4311-8211-3B21DF27BC49}
		{5BB4A496-B759-4D7B-9D7F-E6A3C95F2FBA} = {06A3C572-7381-485F-8AF5-F8722585CCDB}
		{C9F57C2C-5470-4F0D-A935-7DE1E97BF811} = {996C7FCA-13FB-4453-9B23-FC41A8667390}
		{83714E36-AF0B-4140-B967-1005244824A7} = {C9F57C2C-5470-4F0D-A935-7DE1E97BF811}
		{FCC9C464-4781-4220-9F39-4AE8E29BCDA9} = {44F15062-4C85-46C8-BA29-23F7623AA888}
		{D25C5717-8628-403F-B538-7CC26F7A6CD3} = {FCC9C464-4781-4220-9F39-4AE8E29BCDA9}
		{2A3B191B-5BAE-4F53-86EE-B7A68B1D4895} = {44F15062-4C85-46C8-BA29-23F7623AA888}
		{2B843603-C194-4E61-BAAE-234ECE313919} = {2A3B191B-5BAE-4F53-86EE-B7A68B1D4895}
		{8041A1A0-EF31-4F23-BEE8-1BFF606767DE} = {44F15062-4C85-46C8-BA29-23F7623AA888}
		{050F5A89-20EA-469C-B830-F564C7ACFF37} = {8041A1A0-EF31-4F23-BEE8-1BFF606767DE}
		{3F24D77A-60D0-4ACB-B3AE-F358E514BB13} = {2E3D821C-7372-4311-8211-3B21DF27BC49}
		{636E23A8-BBD2-4847-B530-5598231BA911} = {3F24D77A-60D0-4ACB-B3AE-F358E514BB13}
		{E958F922-7B5F-4038-A462-E7084B5EEC59} = {2E3D821C-7372-4311-8211-3B21DF27BC49}
		{D69406B1-7731-46D0-A059-9A31DB0122DC} = {E958F922-7B5F-4038-A462-E7084B5EEC59}
		{8819C737-3A9C-413D-894D-E20B11FBB5B3} = {2E3D821C-7372-4311-8211-3B21DF27BC49}
		{8CB26E5B-523D-4659-924B-58319E782FB5} = {8819C737-3A9C-413D-894D-E20B11FBB5B3}
		{3A4C3E7B-5A03-4FC0-8A5E-32326F8DB844} = {2E3D821C-7372-4311-8211-3B21DF27BC49}
		{4AB0BD6B-4F0C-425E-B3D3-E6715A454C4A} = {3A4C3E7B-5A03-4FC0-8A5E-32326F8DB844}
		{524FC396-D092-4219-A70D-21A2249EF7E9} = {2E3D821C-7372-4311-8211-3B21DF27BC49}
		{D199A0E2-F104-4829-A009-1036444582F1} = {524FC396-D092-4219-A70D-21A2249EF7E9}
		{2BFB1A0D-9E84-4640-A1A3-8B2DFF5BA93E} = {2E3D821C-7372-4311-8211-3B21DF27BC49}
		{6730DA0D-D0AF-4EE1-82C3-39C5DCE506AD} = {2BFB1A0D-9E84-4640-A1A3-8B2DFF5BA93E}
		{6B50C555-70FE-4B29-866F-055C2C37C94B} = {2E3D821C-7372-4311-8211-3B21DF27BC49}
		{B469B956-361F-4B95-9786-7E3E4C079D6A} = {6B50C555-70FE-4B29-866F-055C2C37C94B}
	EndGlobalSection
EndGlobal
