
Microsoft Visual Studio Solution File, Format Version 12.00
# Visual Studio 2013
VisualStudioVersion = 12.0.31101.0
MinimumVisualStudioVersion = 10.0.40219.1
Project("{2150E333-8FDC-42A3-9474-1A3956D46DE8}") = "Creational Pattern", "Creational Pattern", "{43C50934-4A60-4938-9381-26CC16526BED}"
EndProject
Project("{2150E333-8FDC-42A3-9474-1A3956D46DE8}") = "Structural Pattern", "Structural Pattern", "{44F15062-4C85-46C8-BA29-23F7623AA888}"
EndProject
Project("{2150E333-8FDC-42A3-9474-1A3956D46DE8}") = "Behavioral Pattern", "Behavioral Pattern", "{2E3D821C-7372-4311-8211-3B21DF27BC49}"
EndProject
Project("{2150E333-8FDC-42A3-9474-1A3956D46DE8}") = "Solution Items", "Solution Items", "{91D02076-C129-4748-B176-6B9E36FC647A}"
	ProjectSection(SolutionItems) = preProject
		References.txt = References.txt
	EndProjectSection
EndProject
Project("{2150E333-8FDC-42A3-9474-1A3956D46DE8}") = "Simple Factory", "Simple Factory", "{73850B9A-EA5D-4E65-A45B-4757E18F3EB1}"
EndProject
Project("{2150E333-8FDC-42A3-9474-1A3956D46DE8}") = "Factory Method", "Factory Method", "{5C4A93E4-9FFE-4E4C-B589-FF5137C3741B}"
EndProject
Project("{FAE04EC0-301F-11D3-BF4B-00C04F79EFBC}") = "NameFactory", "Creational Pattern\SimpleFactory\NameFactory\NameFactory.csproj", "{B8AA1F14-8DB6-4A7B-A024-29B8B49E6CC8}"
EndProject
Project("{FAE04EC0-301F-11D3-BF4B-00C04F79EFBC}") = "Seeding", "Creational Pattern\Factory Method\Seeding\Seeding.csproj", "{9D0C52D9-4599-4EEB-A0F0-1CC8C25F865D}"
EndProject
Project("{2150E333-8FDC-42A3-9474-1A3956D46DE8}") = "Abstract Factory", "Abstract Factory", "{77BA6583-1BA0-42C8-8E3C-4F930708B614}"
EndProject
Project("{FAE04EC0-301F-11D3-BF4B-00C04F79EFBC}") = "Gardener", "Creational Pattern\AbstractFactory\Gardener\Gardener.csproj", "{A06F9680-095D-45BB-93FA-16F684DDEA67}"
EndProject
Project("{2150E333-8FDC-42A3-9474-1A3956D46DE8}") = "Singleton", "Singleton", "{7AFB2775-C713-4F7D-AB5F-42143B868418}"
EndProject
Project("{FAE04EC0-301F-11D3-BF4B-00C04F79EFBC}") = "GlobalSpooler", "Creational Pattern\Singleton\GlobalSpooler\GlobalSpooler.csproj", "{A114F4F3-DF9B-46C6-8857-8FC2DA0300D5}"
EndProject
Project("{FAE04EC0-301F-11D3-BF4B-00C04F79EFBC}") = "SingleSpooler", "Creational Pattern\Singleton\SingleSpooler\SingleSpooler.csproj", "{C7FA3292-3499-4D19-9494-C038A9C83D99}"
EndProject
Global
	GlobalSection(SolutionConfigurationPlatforms) = preSolution
		Debug|Any CPU = Debug|Any CPU
		Debug|ARM = Debug|ARM
		Debug|x64 = Debug|x64
		Debug|x86 = Debug|x86
		Release|Any CPU = Release|Any CPU
		Release|ARM = Release|ARM
		Release|x64 = Release|x64
		Release|x86 = Release|x86
	EndGlobalSection
	GlobalSection(ProjectConfigurationPlatforms) = postSolution
		{B8AA1F14-8DB6-4A7B-A024-29B8B49E6CC8}.Debug|Any CPU.ActiveCfg = Debug|Any CPU
		{B8AA1F14-8DB6-4A7B-A024-29B8B49E6CC8}.Debug|Any CPU.Build.0 = Debug|Any CPU
		{B8AA1F14-8DB6-4A7B-A024-29B8B49E6CC8}.Debug|ARM.ActiveCfg = Debug|Any CPU
		{B8AA1F14-8DB6-4A7B-A024-29B8B49E6CC8}.Debug|x64.ActiveCfg = Debug|Any CPU
		{B8AA1F14-8DB6-4A7B-A024-29B8B49E6CC8}.Debug|x86.ActiveCfg = Debug|Any CPU
		{B8AA1F14-8DB6-4A7B-A024-29B8B49E6CC8}.Release|Any CPU.ActiveCfg = Release|Any CPU
		{B8AA1F14-8DB6-4A7B-A024-29B8B49E6CC8}.Release|Any CPU.Build.0 = Release|Any CPU
		{B8AA1F14-8DB6-4A7B-A024-29B8B49E6CC8}.Release|ARM.ActiveCfg = Release|Any CPU
		{B8AA1F14-8DB6-4A7B-A024-29B8B49E6CC8}.Release|x64.ActiveCfg = Release|Any CPU
		{B8AA1F14-8DB6-4A7B-A024-29B8B49E6CC8}.Release|x86.ActiveCfg = Release|Any CPU
		{9D0C52D9-4599-4EEB-A0F0-1CC8C25F865D}.Debug|Any CPU.ActiveCfg = Debug|Any CPU
		{9D0C52D9-4599-4EEB-A0F0-1CC8C25F865D}.Debug|Any CPU.Build.0 = Debug|Any CPU
		{9D0C52D9-4599-4EEB-A0F0-1CC8C25F865D}.Debug|ARM.ActiveCfg = Debug|Any CPU
		{9D0C52D9-4599-4EEB-A0F0-1CC8C25F865D}.Debug|x64.ActiveCfg = Debug|Any CPU
		{9D0C52D9-4599-4EEB-A0F0-1CC8C25F865D}.Debug|x86.ActiveCfg = Debug|Any CPU
		{9D0C52D9-4599-4EEB-A0F0-1CC8C25F865D}.Release|Any CPU.ActiveCfg = Release|Any CPU
		{9D0C52D9-4599-4EEB-A0F0-1CC8C25F865D}.Release|Any CPU.Build.0 = Release|Any CPU
		{9D0C52D9-4599-4EEB-A0F0-1CC8C25F865D}.Release|ARM.ActiveCfg = Release|Any CPU
		{9D0C52D9-4599-4EEB-A0F0-1CC8C25F865D}.Release|x64.ActiveCfg = Release|Any CPU
		{9D0C52D9-4599-4EEB-A0F0-1CC8C25F865D}.Release|x86.ActiveCfg = Release|Any CPU
		{A06F9680-095D-45BB-93FA-16F684DDEA67}.Debug|Any CPU.ActiveCfg = Debug|Any CPU
		{A06F9680-095D-45BB-93FA-16F684DDEA67}.Debug|Any CPU.Build.0 = Debug|Any CPU
		{A06F9680-095D-45BB-93FA-16F684DDEA67}.Debug|ARM.ActiveCfg = Debug|Any CPU
		{A06F9680-095D-45BB-93FA-16F684DDEA67}.Debug|x64.ActiveCfg = Debug|Any CPU
		{A06F9680-095D-45BB-93FA-16F684DDEA67}.Debug|x86.ActiveCfg = Debug|Any CPU
		{A06F9680-095D-45BB-93FA-16F684DDEA67}.Release|Any CPU.ActiveCfg = Release|Any CPU
		{A06F9680-095D-45BB-93FA-16F684DDEA67}.Release|Any CPU.Build.0 = Release|Any CPU
		{A06F9680-095D-45BB-93FA-16F684DDEA67}.Release|ARM.ActiveCfg = Release|Any CPU
		{A06F9680-095D-45BB-93FA-16F684DDEA67}.Release|x64.ActiveCfg = Release|Any CPU
		{A06F9680-095D-45BB-93FA-16F684DDEA67}.Release|x86.ActiveCfg = Release|Any CPU
		{A114F4F3-DF9B-46C6-8857-8FC2DA0300D5}.Debug|Any CPU.ActiveCfg = Debug|Any CPU
		{A114F4F3-DF9B-46C6-8857-8FC2DA0300D5}.Debug|Any CPU.Build.0 = Debug|Any CPU
		{A114F4F3-DF9B-46C6-8857-8FC2DA0300D5}.Debug|ARM.ActiveCfg = Debug|Any CPU
		{A114F4F3-DF9B-46C6-8857-8FC2DA0300D5}.Debug|x64.ActiveCfg = Debug|Any CPU
		{A114F4F3-DF9B-46C6-8857-8FC2DA0300D5}.Debug|x86.ActiveCfg = Debug|Any CPU
		{A114F4F3-DF9B-46C6-8857-8FC2DA0300D5}.Release|Any CPU.ActiveCfg = Release|Any CPU
		{A114F4F3-DF9B-46C6-8857-8FC2DA0300D5}.Release|Any CPU.Build.0 = Release|Any CPU
		{A114F4F3-DF9B-46C6-8857-8FC2DA0300D5}.Release|ARM.ActiveCfg = Release|Any CPU
		{A114F4F3-DF9B-46C6-8857-8FC2DA0300D5}.Release|x64.ActiveCfg = Release|Any CPU
		{A114F4F3-DF9B-46C6-8857-8FC2DA0300D5}.Release|x86.ActiveCfg = Release|Any CPU
		{C7FA3292-3499-4D19-9494-C038A9C83D99}.Debug|Any CPU.ActiveCfg = Debug|Any CPU
		{C7FA3292-3499-4D19-9494-C038A9C83D99}.Debug|Any CPU.Build.0 = Debug|Any CPU
		{C7FA3292-3499-4D19-9494-C038A9C83D99}.Debug|ARM.ActiveCfg = Debug|Any CPU
		{C7FA3292-3499-4D19-9494-C038A9C83D99}.Debug|x64.ActiveCfg = Debug|Any CPU
		{C7FA3292-3499-4D19-9494-C038A9C83D99}.Debug|x86.ActiveCfg = Debug|Any CPU
		{C7FA3292-3499-4D19-9494-C038A9C83D99}.Release|Any CPU.ActiveCfg = Release|Any CPU
		{C7FA3292-3499-4D19-9494-C038A9C83D99}.Release|Any CPU.Build.0 = Release|Any CPU
		{C7FA3292-3499-4D19-9494-C038A9C83D99}.Release|ARM.ActiveCfg = Release|Any CPU
		{C7FA3292-3499-4D19-9494-C038A9C83D99}.Release|x64.ActiveCfg = Release|Any CPU
		{C7FA3292-3499-4D19-9494-C038A9C83D99}.Release|x86.ActiveCfg = Release|Any CPU
	EndGlobalSection
	GlobalSection(SolutionProperties) = preSolution
		HideSolutionNode = FALSE
	EndGlobalSection
	GlobalSection(NestedProjects) = preSolution
		{73850B9A-EA5D-4E65-A45B-4757E18F3EB1} = {43C50934-4A60-4938-9381-26CC16526BED}
		{5C4A93E4-9FFE-4E4C-B589-FF5137C3741B} = {43C50934-4A60-4938-9381-26CC16526BED}
		{B8AA1F14-8DB6-4A7B-A024-29B8B49E6CC8} = {73850B9A-EA5D-4E65-A45B-4757E18F3EB1}
		{9D0C52D9-4599-4EEB-A0F0-1CC8C25F865D} = {5C4A93E4-9FFE-4E4C-B589-FF5137C3741B}
		{77BA6583-1BA0-42C8-8E3C-4F930708B614} = {43C50934-4A60-4938-9381-26CC16526BED}
		{A06F9680-095D-45BB-93FA-16F684DDEA67} = {77BA6583-1BA0-42C8-8E3C-4F930708B614}
		{7AFB2775-C713-4F7D-AB5F-42143B868418} = {43C50934-4A60-4938-9381-26CC16526BED}
		{A114F4F3-DF9B-46C6-8857-8FC2DA0300D5} = {7AFB2775-C713-4F7D-AB5F-42143B868418}
		{C7FA3292-3499-4D19-9494-C038A9C83D99} = {7AFB2775-C713-4F7D-AB5F-42143B868418}
	EndGlobalSection
EndGlobal
